
Microsoft Visual Studio Solution File, Format Version 12.00
# Visual Studio Version 17
VisualStudioVersion = 17.5.002.0
MinimumVisualStudioVersion = 10.0.40219.1
Project("{9A19103F-16F7-4668-BE54-9A1E7A4F7556}") = "usingLinq", "usingLinq.csproj", "{A7362EC3-2A34-4B06-A837-9769CF006904}"
EndProject
Global
	GlobalSection(SolutionConfigurationPlatforms) = preSolution
		Debug|Any CPU = Debug|Any CPU
		Release|Any CPU = Release|Any CPU
	EndGlobalSection
	GlobalSection(ProjectConfigurationPlatforms) = postSolution
		{A7362EC3-2A34-4B06-A837-9769CF006904}.Debug|Any CPU.ActiveCfg = Debug|Any CPU
		{A7362EC3-2A34-4B06-A837-9769CF006904}.Debug|Any CPU.Build.0 = Debug|Any CPU
		{A7362EC3-2A34-4B06-A837-9769CF006904}.Release|Any CPU.ActiveCfg = Release|Any CPU
		{A7362EC3-2A34-4B06-A837-9769CF006904}.Release|Any CPU.Build.0 = Release|Any CPU
	EndGlobalSection
	GlobalSection(SolutionProperties) = preSolution
		HideSolutionNode = FALSE
	EndGlobalSection
	GlobalSection(ExtensibilityGlobals) = postSolution
		SolutionGuid = {9DA242E4-E495-4B86-9E38-A1A0DB89E8A4}
	EndGlobalSection
EndGlobal
